# This file is generated by running "yarn install" inside your project.
# Manual changes might be lost - proceed with caution!

__metadata:
  version: 8
  cacheKey: 10c0

"510forward@workspace:.":
  version: 0.0.0-use.local
  resolution: "510forward@workspace:."
  dependencies:
    dorita980: "npm:^1.0.0"
  languageName: unknown
  linkType: soft

"dorita980@npm:^1.0.0":
  version: 1.0.0
  resolution: "dorita980@npm:1.0.0"
  checksum: 10c0/7167d21d012927913852319270b1a0b373038e2fda9209978ac4631c5f802de219be4557f7d16bf7ea82803132dc7d90785c5fe7351067dde7acc2e37809e603
  languageName: node
  linkType: hard
